
Microsoft Visual Studio Solution File, Format Version 12.00
# Visual Studio 15
VisualStudioVersion = 15.0.28307.421
MinimumVisualStudioVersion = 10.0.40219.1
Project("{FAE04EC0-301F-11D3-BF4B-00C04F79EFBC}") = "7", "7\7.csproj", "{1B9BC6FB-8534-4D23-89B4-11C0A4A50582}"
EndProject
Global
	GlobalSection(SolutionConfigurationPlatforms) = preSolution
		Debug|Any CPU = Debug|Any CPU
		Release|Any CPU = Release|Any CPU
	EndGlobalSection
	GlobalSection(ProjectConfigurationPlatforms) = postSolution
		{1B9BC6FB-8534-4D23-89B4-11C0A4A50582}.Debug|Any CPU.ActiveCfg = Debug|Any CPU
		{1B9BC6FB-8534-4D23-89B4-11C0A4A50582}.Debug|Any CPU.Build.0 = Debug|Any CPU
		{1B9BC6FB-8534-4D23-89B4-11C0A4A50582}.Release|Any CPU.ActiveCfg = Release|Any CPU
		{1B9BC6FB-8534-4D23-89B4-11C0A4A50582}.Release|Any CPU.Build.0 = Release|Any CPU
	EndGlobalSection
	GlobalSection(SolutionProperties) = preSolution
		HideSolutionNode = FALSE
	EndGlobalSection
	GlobalSection(ExtensibilityGlobals) = postSolution
		SolutionGuid = {E3DB3658-CF88-4023-AB5A-52BC12D80E8C}
	EndGlobalSection
EndGlobal
